{
  "object": {
    "pins": [
      {
        "package": "swift-log",
        "repositoryURL": "https://github.com/apple/swift-log.git",
        "state": {
          "branch": null,
          "revision": "e97a6fcb1ab07462881ac165fdbb37f067e205d5",
          "version": "1.5.4"
        }
      }
    ]
  },
  "version": 1
}
