{
  "object": {
    "pins": [
      {
        "package": "swift-log",
        "repositoryURL": "https://github.com/apple/swift-log.git",
        "state": {
          "branch": null,
          "revision": "5d66f7ba25daf4f94100e7022febf3c75e37a6c7",
          "version": "1.4.2"
        }
      },
      {
        "package": "swift-system",
        "repositoryURL": "https://github.com/apple/swift-system.git",
        "state": {
          "branch": "main",
          "revision": "2ac0cdc24beff8af664c632f5ab352ec8ba8d068",
          "version": null
        }
      }
    ]
  },
  "version": 1
}
